
Microsoft Visual Studio Solution File, Format Version 12.00
# Visual Studio 15
VisualStudioVersion = 15.0.28307.1259
MinimumVisualStudioVersion = 10.0.40219.1
Project("{2150E333-8FDC-42A3-9474-1A3956D46DE8}") = "0 - Presentation", "0 - Presentation", "{D2064B1D-1B06-423C-8AC3-CA17FB8BE355}"
EndProject
Project("{2150E333-8FDC-42A3-9474-1A3956D46DE8}") = "1 - Services", "1 - Services", "{570C0BF5-59DF-46DD-970B-149D3C36A878}"
EndProject
Project("{2150E333-8FDC-42A3-9474-1A3956D46DE8}") = "2 - Application", "2 - Application", "{E25ED05F-B907-4BAD-8AAC-3634C90953EA}"
EndProject
Project("{2150E333-8FDC-42A3-9474-1A3956D46DE8}") = "3 - Domain", "3 - Domain", "{277E9181-50D9-4B98-8108-3BFC271D07EC}"
EndProject
Project("{2150E333-8FDC-42A3-9474-1A3956D46DE8}") = "4 - Infra", "4 - Infra", "{5F149BBB-1C80-442B-9D5E-DC1C9F1F0A0B}"
EndProject
Project("{2150E333-8FDC-42A3-9474-1A3956D46DE8}") = "4.1 - Data", "4.1 - Data", "{90B3C248-BF62-4847-95BE-B711090BF33D}"
EndProject
Project("{2150E333-8FDC-42A3-9474-1A3956D46DE8}") = "4.2 - CrossCutting", "4.2 - CrossCutting", "{899D8493-733C-4EAA-9D02-1EC00D936897}"
EndProject
Project("{FAE04EC0-301F-11D3-BF4B-00C04F79EFBC}") = "Claro.WebApi", "Claro.WebApi\Claro.WebApi.csproj", "{6B414740-5451-4F34-817B-FB85E47C9513}"
EndProject
Project("{FAE04EC0-301F-11D3-BF4B-00C04F79EFBC}") = "Claro.Domain", "Claro.Domain\Claro.Domain.csproj", "{1C332BC9-18A4-4C6D-B160-C313CAB5CD0C}"
EndProject
Project("{FAE04EC0-301F-11D3-BF4B-00C04F79EFBC}") = "Claro.Infra.Data", "Claro.Infra.Data\Claro.Infra.Data.csproj", "{70657195-D84B-4FD2-98D7-3A10A75699E1}"
EndProject
Project("{FAE04EC0-301F-11D3-BF4B-00C04F79EFBC}") = "Claro.Application", "Claro.Application\Claro.Application.csproj", "{09E35BDC-D607-4A8A-9F92-C85E797F2A70}"
EndProject
Project("{2150E333-8FDC-42A3-9474-1A3956D46DE8}") = "5 - Tests", "5 - Tests", "{B75527A0-4868-4001-B497-4DAA11379D2F}"
EndProject
Project("{FAE04EC0-301F-11D3-BF4B-00C04F79EFBC}") = "Claro.Tests", "Claro.Tests\Claro.Tests.csproj", "{3577A8E7-7246-412A-BE1F-79D41C6771D6}"
EndProject
Global
	GlobalSection(SolutionConfigurationPlatforms) = preSolution
		Debug|Any CPU = Debug|Any CPU
		Release|Any CPU = Release|Any CPU
	EndGlobalSection
	GlobalSection(ProjectConfigurationPlatforms) = postSolution
		{6B414740-5451-4F34-817B-FB85E47C9513}.Debug|Any CPU.ActiveCfg = Debug|Any CPU
		{6B414740-5451-4F34-817B-FB85E47C9513}.Debug|Any CPU.Build.0 = Debug|Any CPU
		{6B414740-5451-4F34-817B-FB85E47C9513}.Release|Any CPU.ActiveCfg = Release|Any CPU
		{6B414740-5451-4F34-817B-FB85E47C9513}.Release|Any CPU.Build.0 = Release|Any CPU
		{1C332BC9-18A4-4C6D-B160-C313CAB5CD0C}.Debug|Any CPU.ActiveCfg = Debug|Any CPU
		{1C332BC9-18A4-4C6D-B160-C313CAB5CD0C}.Debug|Any CPU.Build.0 = Debug|Any CPU
		{1C332BC9-18A4-4C6D-B160-C313CAB5CD0C}.Release|Any CPU.ActiveCfg = Release|Any CPU
		{1C332BC9-18A4-4C6D-B160-C313CAB5CD0C}.Release|Any CPU.Build.0 = Release|Any CPU
		{70657195-D84B-4FD2-98D7-3A10A75699E1}.Debug|Any CPU.ActiveCfg = Debug|Any CPU
		{70657195-D84B-4FD2-98D7-3A10A75699E1}.Debug|Any CPU.Build.0 = Debug|Any CPU
		{70657195-D84B-4FD2-98D7-3A10A75699E1}.Release|Any CPU.ActiveCfg = Release|Any CPU
		{70657195-D84B-4FD2-98D7-3A10A75699E1}.Release|Any CPU.Build.0 = Release|Any CPU
		{09E35BDC-D607-4A8A-9F92-C85E797F2A70}.Debug|Any CPU.ActiveCfg = Debug|Any CPU
		{09E35BDC-D607-4A8A-9F92-C85E797F2A70}.Debug|Any CPU.Build.0 = Debug|Any CPU
		{09E35BDC-D607-4A8A-9F92-C85E797F2A70}.Release|Any CPU.ActiveCfg = Release|Any CPU
		{09E35BDC-D607-4A8A-9F92-C85E797F2A70}.Release|Any CPU.Build.0 = Release|Any CPU
		{3577A8E7-7246-412A-BE1F-79D41C6771D6}.Debug|Any CPU.ActiveCfg = Debug|Any CPU
		{3577A8E7-7246-412A-BE1F-79D41C6771D6}.Debug|Any CPU.Build.0 = Debug|Any CPU
		{3577A8E7-7246-412A-BE1F-79D41C6771D6}.Release|Any CPU.ActiveCfg = Release|Any CPU
		{3577A8E7-7246-412A-BE1F-79D41C6771D6}.Release|Any CPU.Build.0 = Release|Any CPU
	EndGlobalSection
	GlobalSection(SolutionProperties) = preSolution
		HideSolutionNode = FALSE
	EndGlobalSection
	GlobalSection(NestedProjects) = preSolution
		{90B3C248-BF62-4847-95BE-B711090BF33D} = {5F149BBB-1C80-442B-9D5E-DC1C9F1F0A0B}
		{899D8493-733C-4EAA-9D02-1EC00D936897} = {5F149BBB-1C80-442B-9D5E-DC1C9F1F0A0B}
		{6B414740-5451-4F34-817B-FB85E47C9513} = {D2064B1D-1B06-423C-8AC3-CA17FB8BE355}
		{1C332BC9-18A4-4C6D-B160-C313CAB5CD0C} = {277E9181-50D9-4B98-8108-3BFC271D07EC}
		{70657195-D84B-4FD2-98D7-3A10A75699E1} = {90B3C248-BF62-4847-95BE-B711090BF33D}
		{09E35BDC-D607-4A8A-9F92-C85E797F2A70} = {E25ED05F-B907-4BAD-8AAC-3634C90953EA}
		{3577A8E7-7246-412A-BE1F-79D41C6771D6} = {B75527A0-4868-4001-B497-4DAA11379D2F}
	EndGlobalSection
	GlobalSection(ExtensibilityGlobals) = postSolution
		SolutionGuid = {D0A43588-A571-44CD-9F6E-7D478DB2DA90}
	EndGlobalSection
EndGlobal
